
Microsoft Visual Studio Solution File, Format Version 12.00
# Visual Studio Version 17
VisualStudioVersion = 17.8.34330.188
MinimumVisualStudioVersion = 10.0.40219.1
Project("{FAE04EC0-301F-11D3-BF4B-00C04F79EFBC}") = "ExpanderMAUI", "ExpanderMAUI\ExpanderMAUI.csproj", "{BA5285A1-EE3D-4FF7-9B9C-BB951DEE0443}"
EndProject
Global
	GlobalSection(SolutionConfigurationPlatforms) = preSolution
		Debug|Any CPU = Debug|Any CPU
		Release|Any CPU = Release|Any CPU
	EndGlobalSection
	GlobalSection(ProjectConfigurationPlatforms) = postSolution
		{BA5285A1-EE3D-4FF7-9B9C-BB951DEE0443}.Debug|Any CPU.ActiveCfg = Debug|Any CPU
		{BA5285A1-EE3D-4FF7-9B9C-BB951DEE0443}.Debug|Any CPU.Build.0 = Debug|Any CPU
		{BA5285A1-EE3D-4FF7-9B9C-BB951DEE0443}.Debug|Any CPU.Deploy.0 = Debug|Any CPU
		{BA5285A1-EE3D-4FF7-9B9C-BB951DEE0443}.Release|Any CPU.ActiveCfg = Release|Any CPU
		{BA5285A1-EE3D-4FF7-9B9C-BB951DEE0443}.Release|Any CPU.Build.0 = Release|Any CPU
		{BA5285A1-EE3D-4FF7-9B9C-BB951DEE0443}.Release|Any CPU.Deploy.0 = Release|Any CPU
	EndGlobalSection
	GlobalSection(SolutionProperties) = preSolution
		HideSolutionNode = FALSE
	EndGlobalSection
	GlobalSection(ExtensibilityGlobals) = postSolution
		SolutionGuid = {A8158F46-7C6E-41B4-B252-AAA0158852A8}
	EndGlobalSection
EndGlobal
